
Microsoft Visual Studio Solution File, Format Version 12.00
# Visual Studio Version 17
VisualStudioVersion = 17.14.36908.2
MinimumVisualStudioVersion = 10.0.40219.1
Project("{2150E333-8FDC-42A3-9474-1A3956D46DE8}") = "src", "src", "{827E0CD3-B72D-47B6-A68D-7590B98EB39B}"
EndProject
Project("{FAE04EC0-301F-11D3-BF4B-00C04F79EFBC}") = "Motofushin.Roadmap.Api", "src\Motofushin.Roadmap\Motofushin.Roadmap.Api\Motofushin.Roadmap.Api.csproj", "{6C8C9BBB-FCFD-834A-2ECD-455F0420F2A6}"
EndProject
Project("{FAE04EC0-301F-11D3-BF4B-00C04F79EFBC}") = "Motofushin.Roadmap.Application", "src\Motofushin.Roadmap\Motofushin.Roadmap.Application\Motofushin.Roadmap.Application.csproj", "{161FFA27-444A-3767-B5F7-E9092CB7C3F3}"
EndProject
Project("{FAE04EC0-301F-11D3-BF4B-00C04F79EFBC}") = "Motofushin.Roadmap.Domain", "src\Motofushin.Roadmap\Motofushin.Roadmap.Domain\Motofushin.Roadmap.Domain.csproj", "{D9BA8FBC-56DC-B4FE-64C4-F0B496CD1FD7}"
EndProject
Project("{FAE04EC0-301F-11D3-BF4B-00C04F79EFBC}") = "Motofushin.Roadmap.Infrastructure", "src\Motofushin.Roadmap\Motofushin.Roadmap.Infrastructure\Motofushin.Roadmap.Infrastructure.csproj", "{E8860431-2E75-9D46-2BDB-398CCC4AD705}"
EndProject
Global
	GlobalSection(SolutionConfigurationPlatforms) = preSolution
		Debug|Any CPU = Debug|Any CPU
		Release|Any CPU = Release|Any CPU
	EndGlobalSection
	GlobalSection(ProjectConfigurationPlatforms) = postSolution
		{6C8C9BBB-FCFD-834A-2ECD-455F0420F2A6}.Debug|Any CPU.ActiveCfg = Debug|Any CPU
		{6C8C9BBB-FCFD-834A-2ECD-455F0420F2A6}.Debug|Any CPU.Build.0 = Debug|Any CPU
		{6C8C9BBB-FCFD-834A-2ECD-455F0420F2A6}.Release|Any CPU.ActiveCfg = Release|Any CPU
		{6C8C9BBB-FCFD-834A-2ECD-455F0420F2A6}.Release|Any CPU.Build.0 = Release|Any CPU
		{161FFA27-444A-3767-B5F7-E9092CB7C3F3}.Debug|Any CPU.ActiveCfg = Debug|Any CPU
		{161FFA27-444A-3767-B5F7-E9092CB7C3F3}.Debug|Any CPU.Build.0 = Debug|Any CPU
		{161FFA27-444A-3767-B5F7-E9092CB7C3F3}.Release|Any CPU.ActiveCfg = Release|Any CPU
		{161FFA27-444A-3767-B5F7-E9092CB7C3F3}.Release|Any CPU.Build.0 = Release|Any CPU
		{D9BA8FBC-56DC-B4FE-64C4-F0B496CD1FD7}.Debug|Any CPU.ActiveCfg = Debug|Any CPU
		{D9BA8FBC-56DC-B4FE-64C4-F0B496CD1FD7}.Debug|Any CPU.Build.0 = Debug|Any CPU
		{D9BA8FBC-56DC-B4FE-64C4-F0B496CD1FD7}.Release|Any CPU.ActiveCfg = Release|Any CPU
		{D9BA8FBC-56DC-B4FE-64C4-F0B496CD1FD7}.Release|Any CPU.Build.0 = Release|Any CPU
		{E8860431-2E75-9D46-2BDB-398CCC4AD705}.Debug|Any CPU.ActiveCfg = Debug|Any CPU
		{E8860431-2E75-9D46-2BDB-398CCC4AD705}.Debug|Any CPU.Build.0 = Debug|Any CPU
		{E8860431-2E75-9D46-2BDB-398CCC4AD705}.Release|Any CPU.ActiveCfg = Release|Any CPU
		{E8860431-2E75-9D46-2BDB-398CCC4AD705}.Release|Any CPU.Build.0 = Release|Any CPU
	EndGlobalSection
	GlobalSection(SolutionProperties) = preSolution
		HideSolutionNode = FALSE
	EndGlobalSection
	GlobalSection(NestedProjects) = preSolution
		{6C8C9BBB-FCFD-834A-2ECD-455F0420F2A6} = {827E0CD3-B72D-47B6-A68D-7590B98EB39B}
		{161FFA27-444A-3767-B5F7-E9092CB7C3F3} = {827E0CD3-B72D-47B6-A68D-7590B98EB39B}
		{D9BA8FBC-56DC-B4FE-64C4-F0B496CD1FD7} = {827E0CD3-B72D-47B6-A68D-7590B98EB39B}
		{E8860431-2E75-9D46-2BDB-398CCC4AD705} = {827E0CD3-B72D-47B6-A68D-7590B98EB39B}
	EndGlobalSection
	GlobalSection(ExtensibilityGlobals) = postSolution
		SolutionGuid = {D082475D-BDB2-43A3-8519-51DD23D54FE0}
	EndGlobalSection
EndGlobal
